// !$*UTF8*$!
{
	archiveVersion = 1;
	classes = {
	};
	objectVersion = 46;
	objects = {

/* Begin PBXBuildFile section */
		7C77992118B3C5570031DAFC /* Foundation.framework in Frameworks */ = {isa = PBXBuildFile; fileRef = 7C77992018B3C5570031DAFC /* Foundation.framework */; };
		7C77992318B3C5570031DAFC /* CoreGraphics.framework in Frameworks */ = {isa = PBXBuildFile; fileRef = 7C77992218B3C5570031DAFC /* CoreGraphics.framework */; };
		7C77992518B3C5570031DAFC /* UIKit.framework in Frameworks */ = {isa = PBXBuildFile; fileRef = 7C77992418B3C5570031DAFC /* UIKit.framework */; };
		7C77992B18B3C5570031DAFC /* InfoPlist.strings in Resources */ = {isa = PBXBuildFile; fileRef = 7C77992918B3C5570031DAFC /* InfoPlist.strings */; };
		7C77992D18B3C5570031DAFC /* main.m in Sources */ = {isa = PBXBuildFile; fileRef = 7C77992C18B3C5570031DAFC /* main.m */; };
		7C77993118B3C5570031DAFC /* BNRAppDelegate.m in Sources */ = {isa = PBXBuildFile; fileRef = 7C77993018B3C5570031DAFC /* BNRAppDelegate.m */; };
		7C77993318B3C5570031DAFC /* Images.xcassets in Resources */ = {isa = PBXBuildFile; fileRef = 7C77993218B3C5570031DAFC /* Images.xcassets */; };
		7C77993A18B3C5570031DAFC /* XCTest.framework in Frameworks */ = {isa = PBXBuildFile; fileRef = 7C77993918B3C5570031DAFC /* XCTest.framework */; };
		7C77993B18B3C5570031DAFC /* Foundation.framework in Frameworks */ = {isa = PBXBuildFile; fileRef = 7C77992018B3C5570031DAFC /* Foundation.framework */; };
		7C77993C18B3C5570031DAFC /* UIKit.framework in Frameworks */ = {isa = PBXBuildFile; fileRef = 7C77992418B3C5570031DAFC /* UIKit.framework */; };
		7C77994418B3C5570031DAFC /* InfoPlist.strings in Resources */ = {isa = PBXBuildFile; fileRef = 7C77994218B3C5570031DAFC /* InfoPlist.strings */; };
		7C77994618B3C5570031DAFC /* QuizTests.m in Sources */ = {isa = PBXBuildFile; fileRef = 7C77994518B3C5570031DAFC /* QuizTests.m */; };
		7C77995218B3C68D0031DAFC /* BNRQuizViewController.m in Sources */ = {isa = PBXBuildFile; fileRef = 7C77995018B3C68D0031DAFC /* BNRQuizViewController.m */; };
		7C77995318B3C68D0031DAFC /* BNRQuizViewController.xib in Resources */ = {isa = PBXBuildFile; fileRef = 7C77995118B3C68D0031DAFC /* BNRQuizViewController.xib */; };
/* End PBXBuildFile section */

/* Begin PBXContainerItemProxy section */
		7C77993D18B3C5570031DAFC /* PBXContainerItemProxy */ = {
			isa = PBXContainerItemProxy;
			containerPortal = 7C77991518B3C5570031DAFC /* Project object */;
			proxyType = 1;
			remoteGlobalIDString = 7C77991C18B3C5570031DAFC;
			remoteInfo = Quiz;
		};
/* End PBXContainerItemProxy section */

/* Begin PBXFileReference section */
		7C77991D18B3C5570031DAFC /* Quiz.app */ = {isa = PBXFileReference; explicitFileType = wrapper.application; includeInIndex = 0; path = Quiz.app; sourceTree = BUILT_PRODUCTS_DIR; };
		7C77992018B3C5570031DAFC /* Foundation.framework */ = {isa = PBXFileReference; lastKnownFileType = wrapper.framework; name = Foundation.framework; path = System/Library/Frameworks/Foundation.framework; sourceTree = SDKROOT; };
		7C77992218B3C5570031DAFC /* CoreGraphics.framework */ = {isa = PBXFileReference; lastKnownFileType = wrapper.framework; name = CoreGraphics.framework; path = System/Library/Frameworks/CoreGraphics.framework; sourceTree = SDKROOT; };
		7C77992418B3C5570031DAFC /* UIKit.framework */ = {isa = PBXFileReference; lastKnownFileType = wrapper.framework; name = UIKit.framework; path = System/Library/Frameworks/UIKit.framework; sourceTree = SDKROOT; };
		7C77992818B3C5570031DAFC /* Quiz-Info.plist */ = {isa = PBXFileReference; lastKnownFileType = text.plist.xml; path = "Quiz-Info.plist"; sourceTree = "<group>"; };
		7C77992A18B3C5570031DAFC /* en */ = {isa = PBXFileReference; lastKnownFileType = text.plist.strings; name = en; path = en.lproj/InfoPlist.strings; sourceTree = "<group>"; };
		7C77992C18B3C5570031DAFC /* main.m */ = {isa = PBXFileReference; lastKnownFileType = sourcecode.c.objc; path = main.m; sourceTree = "<group>"; };
		7C77992E18B3C5570031DAFC /* Quiz-Prefix.pch */ = {isa = PBXFileReference; lastKnownFileType = sourcecode.c.h; path = "Quiz-Prefix.pch"; sourceTree = "<group>"; };
		7C77992F18B3C5570031DAFC /* BNRAppDelegate.h */ = {isa = PBXFileReference; lastKnownFileType = sourcecode.c.h; path = BNRAppDelegate.h; sourceTree = "<group>"; };
		7C77993018B3C5570031DAFC /* BNRAppDelegate.m */ = {isa = PBXFileReference; lastKnownFileType = sourcecode.c.objc; path = BNRAppDelegate.m; sourceTree = "<group>"; };
		7C77993218B3C5570031DAFC /* Images.xcassets */ = {isa = PBXFileReference; lastKnownFileType = folder.assetcatalog; path = Images.xcassets; sourceTree = "<group>"; };
		7C77993818B3C5570031DAFC /* QuizTests.xctest */ = {isa = PBXFileReference; explicitFileType = wrapper.cfbundle; includeInIndex = 0; path = QuizTests.xctest; sourceTree = BUILT_PRODUCTS_DIR; };
		7C77993918B3C5570031DAFC /* XCTest.framework */ = {isa = PBXFileReference; lastKnownFileType = wrapper.framework; name = XCTest.framework; path = Library/Frameworks/XCTest.framework; sourceTree = DEVELOPER_DIR; };
		7C77994118B3C5570031DAFC /* QuizTests-Info.plist */ = {isa = PBXFileReference; lastKnownFileType = text.plist.xml; path = "QuizTests-Info.plist"; sourceTree = "<group>"; };
		7C77994318B3C5570031DAFC /* en */ = {isa = PBXFileReference; lastKnownFileType = text.plist.strings; name = en; path = en.lproj/InfoPlist.strings; sourceTree = "<group>"; };
		7C77994518B3C5570031DAFC /* QuizTests.m */ = {isa = PBXFileReference; lastKnownFileType = sourcecode.c.objc; path = QuizTests.m; sourceTree = "<group>"; };
		7C77994F18B3C68D0031DAFC /* BNRQuizViewController.h */ = {isa = PBXFileReference; fileEncoding = 4; lastKnownFileType = sourcecode.c.h; path = BNRQuizViewController.h; sourceTree = "<group>"; };
		7C77995018B3C68D0031DAFC /* BNRQuizViewController.m */ = {isa = PBXFileReference; fileEncoding = 4; lastKnownFileType = sourcecode.c.objc; path = BNRQuizViewController.m; sourceTree = "<group>"; };
		7C77995118B3C68D0031DAFC /* BNRQuizViewController.xib */ = {isa = PBXFileReference; fileEncoding = 4; lastKnownFileType = file.xib; path = BNRQuizViewController.xib; sourceTree = "<group>"; };
/* End PBXFileReference section */

/* Begin PBXFrameworksBuildPhase section */
		7C77991A18B3C5570031DAFC /* Frameworks */ = {
			isa = PBXFrameworksBuildPhase;
			buildActionMask = 2147483647;
			files = (
				7C77992318B3C5570031DAFC /* CoreGraphics.framework in Frameworks */,
				7C77992518B3C5570031DAFC /* UIKit.framework in Frameworks */,
				7C77992118B3C5570031DAFC /* Foundation.framework in Frameworks */,
			);
			runOnlyForDeploymentPostprocessing = 0;
		};
		7C77993518B3C5570031DAFC /* Frameworks */ = {
			isa = PBXFrameworksBuildPhase;
			buildActionMask = 2147483647;
			files = (
				7C77993A18B3C5570031DAFC /* XCTest.framework in Frameworks */,
				7C77993C18B3C5570031DAFC /* UIKit.framework in Frameworks */,
				7C77993B18B3C5570031DAFC /* Foundation.framework in Frameworks */,
			);
			runOnlyForDeploymentPostprocessing = 0;
		};
/* End PBXFrameworksBuildPhase section */

/* Begin PBXGroup section */
		7C77991418B3C5570031DAFC = {
			isa = PBXGroup;
			children = (
				7C77992618B3C5570031DAFC /* Quiz */,
				7C77993F18B3C5570031DAFC /* QuizTests */,
				7C77991F18B3C5570031DAFC /* Frameworks */,
				7C77991E18B3C5570031DAFC /* Products */,
			);
			sourceTree = "<group>";
		};
		7C77991E18B3C5570031DAFC /* Products */ = {
			isa = PBXGroup;
			children = (
				7C77991D18B3C5570031DAFC /* Quiz.app */,
				7C77993818B3C5570031DAFC /* QuizTests.xctest */,
			);
			name = Products;
			sourceTree = "<group>";
		};
		7C77991F18B3C5570031DAFC /* Frameworks */ = {
			isa = PBXGroup;
			children = (
				7C77992018B3C5570031DAFC /* Foundation.framework */,
				7C77992218B3C5570031DAFC /* CoreGraphics.framework */,
				7C77992418B3C5570031DAFC /* UIKit.framework */,
				7C77993918B3C5570031DAFC /* XCTest.framework */,
			);
			name = Frameworks;
			sourceTree = "<group>";
		};
		7C77992618B3C5570031DAFC /* Quiz */ = {
			isa = PBXGroup;
			children = (
				7C77992F18B3C5570031DAFC /* BNRAppDelegate.h */,
				7C77994F18B3C68D0031DAFC /* BNRQuizViewController.h */,
				7C77995018B3C68D0031DAFC /* BNRQuizViewController.m */,
				7C77995118B3C68D0031DAFC /* BNRQuizViewController.xib */,
				7C77993018B3C5570031DAFC /* BNRAppDelegate.m */,
				7C77993218B3C5570031DAFC /* Images.xcassets */,
				7C77992718B3C5570031DAFC /* Supporting Files */,
			);
			path = Quiz;
			sourceTree = "<group>";
		};
		7C77992718B3C5570031DAFC /* Supporting Files */ = {
			isa = PBXGroup;
			children = (
				7C77992818B3C5570031DAFC /* Quiz-Info.plist */,
				7C77992918B3C5570031DAFC /* InfoPlist.strings */,
				7C77992C18B3C5570031DAFC /* main.m */,
				7C77992E18B3C5570031DAFC /* Quiz-Prefix.pch */,
			);
			name = "Supporting Files";
			sourceTree = "<group>";
		};
		7C77993F18B3C5570031DAFC /* QuizTests */ = {
			isa = PBXGroup;
			children = (
				7C77994518B3C5570031DAFC /* QuizTests.m */,
				7C77994018B3C5570031DAFC /* Supporting Files */,
			);
			path = QuizTests;
			sourceTree = "<group>";
		};
		7C77994018B3C5570031DAFC /* Supporting Files */ = {
			isa = PBXGroup;
			children = (
				7C77994118B3C5570031DAFC /* QuizTests-Info.plist */,
				7C77994218B3C5570031DAFC /* InfoPlist.strings */,
			);
			name = "Supporting Files";
			sourceTree = "<group>";
		};
/* End PBXGroup section */

/* Begin PBXNativeTarget section */
		7C77991C18B3C5570031DAFC /* Quiz */ = {
			isa = PBXNativeTarget;
			buildConfigurationList = 7C77994918B3C5570031DAFC /* Build configuration list for PBXNativeTarget "Quiz" */;
			buildPhases = (
				7C77991918B3C5570031DAFC /* Sources */,
				7C77991A18B3C5570031DAFC /* Frameworks */,
				7C77991B18B3C5570031DAFC /* Resources */,
			);
			buildRules = (
			);
			dependencies = (
			);
			name = Quiz;
			productName = Quiz;
			productReference = 7C77991D18B3C5570031DAFC /* Quiz.app */;
			productType = "com.apple.product-type.application";
		};
		7C77993718B3C5570031DAFC /* QuizTests */ = {
			isa = PBXNativeTarget;
			buildConfigurationList = 7C77994C18B3C5570031DAFC /* Build configuration list for PBXNativeTarget "QuizTests" */;
			buildPhases = (
				7C77993418B3C5570031DAFC /* Sources */,
				7C77993518B3C5570031DAFC /* Frameworks */,
				7C77993618B3C5570031DAFC /* Resources */,
			);
			buildRules = (
			);
			dependencies = (
				7C77993E18B3C5570031DAFC /* PBXTargetDependency */,
			);
			name = QuizTests;
			productName = QuizTests;
			productReference = 7C77993818B3C5570031DAFC /* QuizTests.xctest */;
			productType = "com.apple.product-type.bundle.unit-test";
		};
/* End PBXNativeTarget section */

/* Begin PBXProject section */
		7C77991518B3C5570031DAFC /* Project object */ = {
			isa = PBXProject;
			attributes = {
				CLASSPREFIX = BNR;
				LastUpgradeCheck = 0500;
				ORGANIZATIONNAME = "Big Nerd Ranch";
				TargetAttributes = {
					7C77993718B3C5570031DAFC = {
						TestTargetID = 7C77991C18B3C5570031DAFC;
					};
				};
			};
			buildConfigurationList = 7C77991818B3C5570031DAFC /* Build configuration list for PBXProject "Quiz" */;
			compatibilityVersion = "Xcode 3.2";
			developmentRegion = English;
			hasScannedForEncodings = 0;
			knownRegions = (
				en,
			);
			mainGroup = 7C77991418B3C5570031DAFC;
			productRefGroup = 7C77991E18B3C5570031DAFC /* Products */;
			projectDirPath = "";
			projectRoot = "";
			targets = (
				7C77991C18B3C5570031DAFC /* Quiz */,
				7C77993718B3C5570031DAFC /* QuizTests */,
			);
		};
/* End PBXProject section */

/* Begin PBXResourcesBuildPhase section */
		7C77991B18B3C5570031DAFC /* Resources */ = {
			isa = PBXResourcesBuildPhase;
			buildActionMask = 2147483647;
			files = (
				7C77992B18B3C5570031DAFC /* InfoPlist.strings in Resources */,
				7C77995318B3C68D0031DAFC /* BNRQuizViewController.xib in Resources */,
				7C77993318B3C5570031DAFC /* Images.xcassets in Resources */,
			);
			runOnlyForDeploymentPostprocessing = 0;
		};
		7C77993618B3C5570031DAFC /* Resources */ = {
			isa = PBXResourcesBuildPhase;
			buildActionMask = 2147483647;
			files = (
				7C77994418B3C5570031DAFC /* InfoPlist.strings in Resources */,
			);
			runOnlyForDeploymentPostprocessing = 0;
		};
/* End PBXResourcesBuildPhase section */

/* Begin PBXSourcesBuildPhase section */
		7C77991918B3C5570031DAFC /* Sources */ = {
			isa = PBXSourcesBuildPhase;
			buildActionMask = 2147483647;
			files = (
				7C77992D18B3C5570031DAFC /* main.m in Sources */,
				7C77993118B3C5570031DAFC /* BNRAppDelegate.m in Sources */,
				7C77995218B3C68D0031DAFC /* BNRQuizViewController.m in Sources */,
			);
			runOnlyForDeploymentPostprocessing = 0;
		};
		7C77993418B3C5570031DAFC /* Sources */ = {
			isa = PBXSourcesBuildPhase;
			buildActionMask = 2147483647;
			files = (
				7C77994618B3C5570031DAFC /* QuizTests.m in Sources */,
			);
			runOnlyForDeploymentPostprocessing = 0;
		};
/* End PBXSourcesBuildPhase section */

/* Begin PBXTargetDependency section */
		7C77993E18B3C5570031DAFC /* PBXTargetDependency */ = {
			isa = PBXTargetDependency;
			target = 7C77991C18B3C5570031DAFC /* Quiz */;
			targetProxy = 7C77993D18B3C5570031DAFC /* PBXContainerItemProxy */;
		};
/* End PBXTargetDependency section */

/* Begin PBXVariantGroup section */
		7C77992918B3C5570031DAFC /* InfoPlist.strings */ = {
			isa = PBXVariantGroup;
			children = (
				7C77992A18B3C5570031DAFC /* en */,
			);
			name = InfoPlist.strings;
			sourceTree = "<group>";
		};
		7C77994218B3C5570031DAFC /* InfoPlist.strings */ = {
			isa = PBXVariantGroup;
			children = (
				7C77994318B3C5570031DAFC /* en */,
			);
			name = InfoPlist.strings;
			sourceTree = "<group>";
		};
/* End PBXVariantGroup section */

/* Begin XCBuildConfiguration section */
		7C77994718B3C5570031DAFC /* Debug */ = {
			isa = XCBuildConfiguration;
			buildSettings = {
				ALWAYS_SEARCH_USER_PATHS = NO;
				ARCHS = "$(ARCHS_STANDARD_INCLUDING_64_BIT)";
				CLANG_CXX_LANGUAGE_STANDARD = "gnu++0x";
				CLANG_CXX_LIBRARY = "libc++";
				CLANG_ENABLE_MODULES = YES;
				CLANG_ENABLE_OBJC_ARC = YES;
				CLANG_WARN_BOOL_CONVERSION = YES;
				CLANG_WARN_CONSTANT_CONVERSION = YES;
				CLANG_WARN_DIRECT_OBJC_ISA_USAGE = YES_ERROR;
				CLANG_WARN_EMPTY_BODY = YES;
				CLANG_WARN_ENUM_CONVERSION = YES;
				CLANG_WARN_INT_CONVERSION = YES;
				CLANG_WARN_OBJC_ROOT_CLASS = YES_ERROR;
				CLANG_WARN__DUPLICATE_METHOD_MATCH = YES;
				"CODE_SIGN_IDENTITY[sdk=iphoneos*]" = "iPhone Developer";
				COPY_PHASE_STRIP = NO;
				GCC_C_LANGUAGE_STANDARD = gnu99;
				GCC_DYNAMIC_NO_PIC = NO;
				GCC_OPTIMIZATION_LEVEL = 0;
				GCC_PREPROCESSOR_DEFINITIONS = (
					"DEBUG=1",
					"$(inherited)",
				);
				GCC_SYMBOLS_PRIVATE_EXTERN = NO;
				GCC_WARN_64_TO_32_BIT_CONVERSION = YES;
				GCC_WARN_ABOUT_RETURN_TYPE = YES_ERROR;
				GCC_WARN_UNDECLARED_SELECTOR = YES;
				GCC_WARN_UNINITIALIZED_AUTOS = YES;
				GCC_WARN_UNUSED_FUNCTION = YES;
				GCC_WARN_UNUSED_VARIABLE = YES;
				IPHONEOS_DEPLOYMENT_TARGET = 7.0;
				ONLY_ACTIVE_ARCH = YES;
				SDKROOT = iphoneos;
			};
			name = Debug;
		};
		7C77994818B3C5570031DAFC /* Release */ = {
			isa = XCBuildConfiguration;
			buildSettings = {
				ALWAYS_SEARCH_USER_PATHS = NO;
				ARCHS = "$(ARCHS_STANDARD_INCLUDING_64_BIT)";
				CLANG_CXX_LANGUAGE_STANDARD = "gnu++0x";
				CLANG_CXX_LIBRARY = "libc++";
				CLANG_ENABLE_MODULES = YES;
				CLANG_ENABLE_OBJC_ARC = YES;
				CLANG_WARN_BOOL_CONVERSION = YES;
				CLANG_WARN_CONSTANT_CONVERSION = YES;
				CLANG_WARN_DIRECT_OBJC_ISA_USAGE = YES_ERROR;
				CLANG_WARN_EMPTY_BODY = YES;
				CLANG_WARN_ENUM_CONVERSION = YES;
				CLANG_WARN_INT_CONVERSION = YES;
				CLANG_WARN_OBJC_ROOT_CLASS = YES_ERROR;
				CLANG_WARN__DUPLICATE_METHOD_MATCH = YES;
				"CODE_SIGN_IDENTITY[sdk=iphoneos*]" = "iPhone Developer";
				COPY_PHASE_STRIP = YES;
				ENABLE_NS_ASSERTIONS = NO;
				GCC_C_LANGUAGE_STANDARD = gnu99;
				GCC_WARN_64_TO_32_BIT_CONVERSION = YES;
				GCC_WARN_ABOUT_RETURN_TYPE = YES_ERROR;
				GCC_WARN_UNDECLARED_SELECTOR = YES;
				GCC_WARN_UNINITIALIZED_AUTOS = YES;
				GCC_WARN_UNUSED_FUNCTION = YES;
				GCC_WARN_UNUSED_VARIABLE = YES;
				IPHONEOS_DEPLOYMENT_TARGET = 7.0;
				SDKROOT = iphoneos;
				VALIDATE_PRODUCT = YES;
			};
			name = Release;
		};
		7C77994A18B3C5570031DAFC /* Debug */ = {
			isa = XCBuildConfiguration;
			buildSettings = {
				ASSETCATALOG_COMPILER_APPICON_NAME = AppIcon;
				ASSETCATALOG_COMPILER_LAUNCHIMAGE_NAME = LaunchImage;
				GCC_PRECOMPILE_PREFIX_HEADER = YES;
				GCC_PREFIX_HEADER = "Quiz/Quiz-Prefix.pch";
				INFOPLIST_FILE = "Quiz/Quiz-Info.plist";
				PRODUCT_NAME = "$(TARGET_NAME)";
				WRAPPER_EXTENSION = app;
			};
			name = Debug;
		};
		7C77994B18B3C5570031DAFC /* Release */ = {
			isa = XCBuildConfiguration;
			buildSettings = {
				ASSETCATALOG_COMPILER_APPICON_NAME = AppIcon;
				ASSETCATALOG_COMPILER_LAUNCHIMAGE_NAME = LaunchImage;
				GCC_PRECOMPILE_PREFIX_HEADER = YES;
				GCC_PREFIX_HEADER = "Quiz/Quiz-Prefix.pch";
				INFOPLIST_FILE = "Quiz/Quiz-Info.plist";
				PRODUCT_NAME = "$(TARGET_NAME)";
				WRAPPER_EXTENSION = app;
			};
			name = Release;
		};
		7C77994D18B3C5570031DAFC /* Debug */ = {
			isa = XCBuildConfiguration;
			buildSettings = {
				ARCHS = "$(ARCHS_STANDARD_INCLUDING_64_BIT)";
				BUNDLE_LOADER = "$(BUILT_PRODUCTS_DIR)/Quiz.app/Quiz";
				FRAMEWORK_SEARCH_PATHS = (
					"$(SDKROOT)/Developer/Library/Frameworks",
					"$(inherited)",
					"$(DEVELOPER_FRAMEWORKS_DIR)",
				);
				GCC_PRECOMPILE_PREFIX_HEADER = YES;
				GCC_PREFIX_HEADER = "Quiz/Quiz-Prefix.pch";
				GCC_PREPROCESSOR_DEFINITIONS = (
					"DEBUG=1",
					"$(inherited)",
				);
				INFOPLIST_FILE = "QuizTests/QuizTests-Info.plist";
				PRODUCT_NAME = "$(TARGET_NAME)";
				TEST_HOST = "$(BUNDLE_LOADER)";
				WRAPPER_EXTENSION = xctest;
			};
			name = Debug;
		};
		7C77994E18B3C5570031DAFC /* Release */ = {
			isa = XCBuildConfiguration;
			buildSettings = {
				ARCHS = "$(ARCHS_STANDARD_INCLUDING_64_BIT)";
				BUNDLE_LOADER = "$(BUILT_PRODUCTS_DIR)/Quiz.app/Quiz";
				FRAMEWORK_SEARCH_PATHS = (
					"$(SDKROOT)/Developer/Library/Frameworks",
					"$(inherited)",
					"$(DEVELOPER_FRAMEWORKS_DIR)",
				);
				GCC_PRECOMPILE_PREFIX_HEADER = YES;
				GCC_PREFIX_HEADER = "Quiz/Quiz-Prefix.pch";
				INFOPLIST_FILE = "QuizTests/QuizTests-Info.plist";
				PRODUCT_NAME = "$(TARGET_NAME)";
				TEST_HOST = "$(BUNDLE_LOADER)";
				WRAPPER_EXTENSION = xctest;
			};
			name = Release;
		};
/* End XCBuildConfiguration section */

/* Begin XCConfigurationList section */
		7C77991818B3C5570031DAFC /* Build configuration list for PBXProject "Quiz" */ = {
			isa = XCConfigurationList;
			buildConfigurations = (
				7C77994718B3C5570031DAFC /* Debug */,
				7C77994818B3C5570031DAFC /* Release */,
			);
			defaultConfigurationIsVisible = 0;
			defaultConfigurationName = Release;
		};
		7C77994918B3C5570031DAFC /* Build configuration list for PBXNativeTarget "Quiz" */ = {
			isa = XCConfigurationList;
			buildConfigurations = (
				7C77994A18B3C5570031DAFC /* Debug */,
				7C77994B18B3C5570031DAFC /* Release */,
			);
			defaultConfigurationIsVisible = 0;
		};
		7C77994C18B3C5570031DAFC /* Build configuration list for PBXNativeTarget "QuizTests" */ = {
			isa = XCConfigurationList;
			buildConfigurations = (
				7C77994D18B3C5570031DAFC /* Debug */,
				7C77994E18B3C5570031DAFC /* Release */,
			);
			defaultConfigurationIsVisible = 0;
		};
/* End XCConfigurationList section */
	};
	rootObject = 7C77991518B3C5570031DAFC /* Project object */;
}
